
Microsoft Visual Studio Solution File, Format Version 12.00
# Visual Studio Version 16
VisualStudioVersion = 16.0.29920.165
MinimumVisualStudioVersion = 10.0.40219.1
Project("{8BC9CEB8-8B4A-11D0-8D11-00A0C91BC942}") = "AsteroidExplorer", "AsteroidExplorer.vcxproj", "{D52B2D37-27CE-4BF6-A61E-2136CA3AAF0E}"
EndProject
Global
	GlobalSection(SolutionConfigurationPlatforms) = preSolution
		Debug|x64 = Debug|x64
		Debug|x86 = Debug|x86
		Release|x64 = Release|x64
		Release|x86 = Release|x86
	EndGlobalSection
	GlobalSection(ProjectConfigurationPlatforms) = postSolution
		{D52B2D37-27CE-4BF6-A61E-2136CA3AAF0E}.Debug|x64.ActiveCfg = Debug|x64
		{D52B2D37-27CE-4BF6-A61E-2136CA3AAF0E}.Debug|x64.Build.0 = Debug|x64
		{D52B2D37-27CE-4BF6-A61E-2136CA3AAF0E}.Debug|x86.ActiveCfg = Debug|Win32
		{D52B2D37-27CE-4BF6-A61E-2136CA3AAF0E}.Debug|x86.Build.0 = Debug|Win32
		{D52B2D37-27CE-4BF6-A61E-2136CA3AAF0E}.Release|x64.ActiveCfg = Release|x64
		{D52B2D37-27CE-4BF6-A61E-2136CA3AAF0E}.Release|x64.Build.0 = Release|x64
		{D52B2D37-27CE-4BF6-A61E-2136CA3AAF0E}.Release|x86.ActiveCfg = Release|Win32
		{D52B2D37-27CE-4BF6-A61E-2136CA3AAF0E}.Release|x86.Build.0 = Release|Win32
	EndGlobalSection
	GlobalSection(SolutionProperties) = preSolution
		HideSolutionNode = FALSE
	EndGlobalSection
	GlobalSection(ExtensibilityGlobals) = postSolution
		SolutionGuid = {8F2156CE-5AD0-4FB6-9F63-E876CA3EA1C4}
	EndGlobalSection
EndGlobal
