
Microsoft Visual Studio Solution File, Format Version 12.00
# Visual Studio Version 16
VisualStudioVersion = 16.0.29920.165
MinimumVisualStudioVersion = 10.0.40219.1
Project("{8BC9CEB8-8B4A-11D0-8D11-00A0C91BC942}") = "Code_Breaker", "Code_Breaker.vcxproj", "{C7D88B4A-57E8-4C52-BC19-FA7F0753E8C4}"
EndProject
Global
	GlobalSection(SolutionConfigurationPlatforms) = preSolution
		Debug|x64 = Debug|x64
		Debug|x86 = Debug|x86
		Release|x64 = Release|x64
		Release|x86 = Release|x86
	EndGlobalSection
	GlobalSection(ProjectConfigurationPlatforms) = postSolution
		{C7D88B4A-57E8-4C52-BC19-FA7F0753E8C4}.Debug|x64.ActiveCfg = Debug|x64
		{C7D88B4A-57E8-4C52-BC19-FA7F0753E8C4}.Debug|x64.Build.0 = Debug|x64
		{C7D88B4A-57E8-4C52-BC19-FA7F0753E8C4}.Debug|x86.ActiveCfg = Debug|Win32
		{C7D88B4A-57E8-4C52-BC19-FA7F0753E8C4}.Debug|x86.Build.0 = Debug|Win32
		{C7D88B4A-57E8-4C52-BC19-FA7F0753E8C4}.Release|x64.ActiveCfg = Release|x64
		{C7D88B4A-57E8-4C52-BC19-FA7F0753E8C4}.Release|x64.Build.0 = Release|x64
		{C7D88B4A-57E8-4C52-BC19-FA7F0753E8C4}.Release|x86.ActiveCfg = Release|Win32
		{C7D88B4A-57E8-4C52-BC19-FA7F0753E8C4}.Release|x86.Build.0 = Release|Win32
	EndGlobalSection
	GlobalSection(SolutionProperties) = preSolution
		HideSolutionNode = FALSE
	EndGlobalSection
	GlobalSection(ExtensibilityGlobals) = postSolution
		SolutionGuid = {585AC9B9-8D37-4940-BE1A-62FC0AF200D6}
	EndGlobalSection
EndGlobal
