
Microsoft Visual Studio Solution File, Format Version 12.00
# Visual Studio Version 16
VisualStudioVersion = 16.0.29920.165
MinimumVisualStudioVersion = 10.0.40219.1
Project("{FAE04EC0-301F-11D3-BF4B-00C04F79EFBC}") = "CompanyBenefits", "CompanyBenefits\CompanyBenefits.csproj", "{ED5D5A87-2A60-4319-862E-B02CE2B6416E}"
EndProject
Global
	GlobalSection(SolutionConfigurationPlatforms) = preSolution
		Debug|Any CPU = Debug|Any CPU
		Release|Any CPU = Release|Any CPU
	EndGlobalSection
	GlobalSection(ProjectConfigurationPlatforms) = postSolution
		{ED5D5A87-2A60-4319-862E-B02CE2B6416E}.Debug|Any CPU.ActiveCfg = Debug|Any CPU
		{ED5D5A87-2A60-4319-862E-B02CE2B6416E}.Debug|Any CPU.Build.0 = Debug|Any CPU
		{ED5D5A87-2A60-4319-862E-B02CE2B6416E}.Release|Any CPU.ActiveCfg = Release|Any CPU
		{ED5D5A87-2A60-4319-862E-B02CE2B6416E}.Release|Any CPU.Build.0 = Release|Any CPU
	EndGlobalSection
	GlobalSection(SolutionProperties) = preSolution
		HideSolutionNode = FALSE
	EndGlobalSection
	GlobalSection(ExtensibilityGlobals) = postSolution
		SolutionGuid = {9E208F1C-97CA-417D-8FAB-F8EB82E2F5F7}
	EndGlobalSection
EndGlobal
